{
  "version": 4,
  "terraform_version": "1.5.7",
  "serial": 81,
  "lineage": "cb934da1-bd19-7676-b7e6-ee1309bc8f5a",
  "outputs": {},
  "resources": [
    {
      "mode": "data",
      "type": "local_file",
      "name": "lambda_zip_hash",
      "provider": "provider[\"registry.terraform.io/hashicorp/local\"]",
      "instances": [
        {
          "schema_version": 0,
          "attributes": {
            "content": "PK\u0003\u0004\u0014\u0000\u0000\u0000\u0008\u0000#\ufffd\ufffdXQSS\ufffd\ufffd\u0001\u0000\u0000,\u0003\u0000\u0000\u0008\u0000\u001c\u0000index.jsUT\t\u0000\u0003\u0002Xcf\u0003Xcfux\u000b\u0000\u0001\u0004\ufffd\u0001\u0000\u0000\u0004\u0014\u0000\u0000\u0000m\ufffdA\ufffd\ufffd0\u0010\ufffd\ufffd\ufffd\u0015s(ĆV{\ufffd\ufffdBv\ufffd\ufffd\ufffd\ufffd\ufffd\ufffdi\ufffd\ufffdD\ufffdĢ\ufffd\ufffdJ\ufffdӰ\ufffd\ufffdw\ufffd\ufffd\u0013o[0\u0002k\ufffd\ufffd|\ufffd\ufffd\ufffd;\ufffd\ufffd\u000e\ufffd\ufffd\ufffdy\ufffd\ufffd0j{\u0000\u0004\ufffd\ufffdN!\ufffd\u001b+\ufffdv\ufffde\u0018\ufffd\ufffd\u0010\ufffd\u0006\ufffd\u000e\ufffd\ufffdA\ufffd\ufffd\ufffd\u0003\ufffd=(2\u0014I\ufffdI\"\ufffd\r\u0011\u0016\ufffd_ \u0007O\ufffd\u001a\ufffd)\ufffd\ufffd)|\n\ufffd\ufffd,\ufffd\ufffd\ufffd\ufffd\ufffdڱO\u000e\ufffdN\ufffd\\,\ufffd\ufffd\ufffd\ufffdX:\ufffd\ufffdd\ufffd\ufffdѼ\ufffd|\u0026\ufffd\ufffdG\ufffdc\u0010\u0015Ze\ufffd\ufffd)\u000cg+!\ufffd\ufffd%\u0019\ufffd\ufffd\ufffd5\u0001x\ufffd\ufffd\ufffd\ufffd`\ufffd^\ufffd\ufffd\u0010\ufffd\ufffd\ufffdI\nA\ufffdm\ufffdr\ufffdR\u0016\ufffdEYl\ufffd?\ufffd\ufffd\ufffd\ufffd\u0015\ufffd\ufffd\u0010Az9\ufffdI:\ufffd\ufffd\ufffd\u0006w\ufffd\u003c\ufffd\ufffdlh\u0001\ufffd\ufffd\ufffd^$b\ufffd\ufffd\ufffd\ufffd\u0016y\u000e\ufffd\ufffd\ufffd\ufffd\ufffd\ufffdj6\no\u003cC\u003eE\ufffd\ufffdQލ\ufffd\ufffdlK\u003e\ufffd\u0017\ufffd\ufffdч\n\ufffd\u0019\ufffdǈ\ufffdƨ\ufffd\ufffd\u0003q\u0010\u0017\ufffd\ufffd\ufffd\ufffd\u0016\u0000xB}\u000bT\u001c\ufffd\ufffdފ\u0000C\u0004=\ufffd\ufffd\ufffd`\u003eNd=\ufffd|\ufffdz\ufffdu\ufffd\ufffd\ufffdj\u001d(\ufffd\u0012\\Fs\ufffd\ufffdq\ufffdt\ufffd\ufffdZ\ufffd\ufffd\u000fxұ\ufffd\ufffd,\ufffdX,\ufffd\ufffd\ufffdub)\ufffd\ufffd\u000e\ufffd\u001ea!\ufffdk\ufffd'\ufffd\u0016\ufffd\ufffd\ufffd\ufffd\ufffd\ufffdn\tb\ufffd,\ufffdW\ufffd\u000e$FY\ufffd\u001b\ufffd\u003e\ufffd\ufffd1\ufffd\ufffd\ufffd\ufffd\ufffd\ufffd\u000bj\ufffdplT3\ufffd\u0005\ufffdo\ufffd\u001e\ufffd\ufffd\ufffd\ufffd\u003c\u0019\ufffd.\ufffd\ufffd\ufffd?PK\u0001\u0002\u001e\u0003\u0014\u0000\u0000\u0000\u0008\u0000#\ufffd\ufffdXQSS\ufffd\ufffd\u0001\u0000\u0000,\u0003\u0000\u0000\u0008\u0000\u0018\u0000\u0000\u0000\u0000\u0000\u0001\u0000\u0000\u0000\ufffd\ufffd\u0000\u0000\u0000\u0000index.jsUT\u0005\u0000\u0003\u0002Xcfux\u000b\u0000\u0001\u0004\ufffd\u0001\u0000\u0000\u0004\u0014\u0000\u0000\u0000PK\u0005\u0006\u0000\u0000\u0000\u0000\u0001\u0000\u0001\u0000N\u0000\u0000\u0000\ufffd\u0001\u0000\u0000\u0000\u0000",
            "content_base64": "UEsDBBQAAAAIACOvx1hRU1P+uQEAACwDAAAIABwAaW5kZXguanNVVAkAAwJYY2YDWGNmdXgLAAEE9QEAAAQUAAAAbZJBi9swEIXv/hVzKMSGVnvP4kJ2k4Khm8CuaY/NRJrEorKUSrLTsPi/d+ysE29bMAJrnt5886S7O4iVDsDf3nmQnjBqewAEg/VOIewbK6N2lmUYwegQyQaIDpTaQYisrwO4PSgyFEmBwohJIp0NERbfXyAHT78a7Smd4Sl8CurnLLt/q6uzxdqxTw6WTr1cLIet5YNYOtnUZOOj0bymfCah30fnYxAVWmXI8ykMZyshpZYlGeSf4TUBePOmwINgj17izhCrj95JCkGQbcVy9VIW60VZbNY/ysXD1xX7wxBBejnvSTqv+skGd/E8/IdsaAGg95BeJGKor7HmFnkOs+fV0+bbajYKbzxDPkWkmlHejfrobEs+kheNrdGHCo0ZzceIxMaoosYDcRAX2+jP1xYAeEJ9C1Qcm5jeigBDBD3j/J9gPk5kPd18inqtdZng+GodKL0SXEZzhoRxh3T75Fq+f90PeNKxgpIs2lgs5/DhdWIpxv0O+B5hIaVr/ie7Frr+taGXlW4JYo8stleGDiRGWfEb8D6b5DGS8bbz6fYLasNwbFQz5QXyb9cegOXdxDwZ1y7p7pM/UEsBAh4DFAAAAAgAI6/HWFFTU/65AQAALAMAAAgAGAAAAAAAAQAAAKSBAAAAAGluZGV4LmpzVVQFAAMCWGNmdXgLAAEE9QEAAAQUAAAAUEsFBgAAAAABAAEATgAAAPsBAAAAAA==",
            "content_base64sha256": "ul8MyGMblhAqmW9ul1Ay56xIZD/8V91fy13NInh/iYM=",
            "content_base64sha512": "2EKW3KasRZmjPQOvtwGoqzr3sTcvggtxuCIniu7piV9/APbzEQqtH7/vlNDGVhdGv/vc9S0Y8dVzmNY00e+mhg==",
            "content_md5": "bdc233ded122ddfabce1381add293530",
            "content_sha1": "6af6a9252347d280f9845009c23bc201db411fc0",
            "content_sha256": "ba5f0cc8631b96102a996f6e975032e7ac48643ffc57dd5fcb5dcd22787f8983",
            "content_sha512": "d84296dca6ac4599a33d03afb701a8ab3af7b1372f820b71b822278aeee9895f7f00f6f3110aad1fbfef94d0c6561746bffbdcf52d18f1d57398d634d1efa686",
            "filename": "function.zip",
            "id": "6af6a9252347d280f9845009c23bc201db411fc0"
          },
          "sensitive_attributes": []
        }
      ]
    },
    {
      "mode": "managed",
      "type": "aws_dynamodb_table",
      "name": "DeletedNilUsers",
      "provider": "provider[\"registry.terraform.io/hashicorp/aws\"]",
      "instances": [
        {
          "schema_version": 1,
          "attributes": {
            "arn": "arn:aws:dynamodb:us-east-1:767397764981:table/DeletedNilUsers",
            "attribute": [
              {
                "name": "AccountID",
                "type": "S"
              },
              {
                "name": "TenantID",
                "type": "S"
              }
            ],
            "billing_mode": "PAY_PER_REQUEST",
            "deletion_protection_enabled": false,
            "global_secondary_index": [],
            "hash_key": "TenantID",
            "id": "DeletedNilUsers",
            "import_table": [],
            "local_secondary_index": [],
            "name": "DeletedNilUsers",
            "point_in_time_recovery": [
              {
                "enabled": false
              }
            ],
            "range_key": "AccountID",
            "read_capacity": 0,
            "replica": [],
            "restore_date_time": null,
            "restore_source_name": null,
            "restore_to_latest_time": null,
            "server_side_encryption": [],
            "stream_arn": "",
            "stream_enabled": false,
            "stream_label": "",
            "stream_view_type": "",
            "table_class": "STANDARD",
            "tags": {},
            "tags_all": {},
            "timeouts": null,
            "ttl": [
              {
                "attribute_name": "",
                "enabled": false
              }
            ],
            "write_capacity": 0
          },
          "sensitive_attributes": [],
          "private": "eyJlMmJmYjczMC1lY2FhLTExZTYtOGY4OC0zNDM2M2JjN2M0YzAiOnsiY3JlYXRlIjoxODAwMDAwMDAwMDAwLCJkZWxldGUiOjYwMDAwMDAwMDAwMCwidXBkYXRlIjozNjAwMDAwMDAwMDAwfSwic2NoZW1hX3ZlcnNpb24iOiIxIn0="
        }
      ]
    },
    {
      "mode": "managed",
      "type": "aws_dynamodb_table",
      "name": "NilUsersTable",
      "provider": "provider[\"registry.terraform.io/hashicorp/aws\"]",
      "instances": [
        {
          "schema_version": 1,
          "attributes": {
            "arn": "arn:aws:dynamodb:us-east-1:767397764981:table/NilUsers",
            "attribute": [
              {
                "name": "AccountID",
                "type": "S"
              },
              {
                "name": "Email",
                "type": "S"
              },
              {
                "name": "TenantID",
                "type": "S"
              }
            ],
            "billing_mode": "PROVISIONED",
            "deletion_protection_enabled": false,
            "global_secondary_index": [
              {
                "hash_key": "AccountID",
                "name": "UsernameIndex",
                "non_key_attributes": [],
                "projection_type": "ALL",
                "range_key": "TenantID",
                "read_capacity": 7,
                "write_capacity": 7
              },
              {
                "hash_key": "Email",
                "name": "EmailIndex",
                "non_key_attributes": [],
                "projection_type": "ALL",
                "range_key": "TenantID",
                "read_capacity": 7,
                "write_capacity": 7
              }
            ],
            "hash_key": "TenantID",
            "id": "NilUsers",
            "import_table": [],
            "local_secondary_index": [],
            "name": "NilUsers",
            "point_in_time_recovery": [
              {
                "enabled": false
              }
            ],
            "range_key": "AccountID",
            "read_capacity": 7,
            "replica": [],
            "restore_date_time": null,
            "restore_source_name": null,
            "restore_to_latest_time": null,
            "server_side_encryption": [],
            "stream_arn": "arn:aws:dynamodb:us-east-1:767397764981:table/NilUsers/stream/2024-06-07T19:02:34.085",
            "stream_enabled": true,
            "stream_label": "2024-06-07T19:02:34.085",
            "stream_view_type": "NEW_AND_OLD_IMAGES",
            "table_class": "STANDARD",
            "tags": {},
            "tags_all": {},
            "timeouts": null,
            "ttl": [
              {
                "attribute_name": "",
                "enabled": false
              }
            ],
            "write_capacity": 7
          },
          "sensitive_attributes": [],
          "private": "eyJlMmJmYjczMC1lY2FhLTExZTYtOGY4OC0zNDM2M2JjN2M0YzAiOnsiY3JlYXRlIjoxODAwMDAwMDAwMDAwLCJkZWxldGUiOjYwMDAwMDAwMDAwMCwidXBkYXRlIjozNjAwMDAwMDAwMDAwfSwic2NoZW1hX3ZlcnNpb24iOiIxIn0="
        }
      ]
    },
    {
      "mode": "managed",
      "type": "aws_dynamodb_table",
      "name": "UserBalanceTable",
      "provider": "provider[\"registry.terraform.io/hashicorp/aws\"]",
      "instances": [
        {
          "schema_version": 1,
          "attributes": {
            "arn": "arn:aws:dynamodb:us-east-1:767397764981:table/UserBalanceTable",
            "attribute": [
              {
                "name": "AccountID",
                "type": "S"
              },
              {
                "name": "TenantID",
                "type": "S"
              }
            ],
            "billing_mode": "PROVISIONED",
            "deletion_protection_enabled": false,
            "global_secondary_index": [
              {
                "hash_key": "AccountID",
                "name": "UserIndex",
                "non_key_attributes": [],
                "projection_type": "ALL",
                "range_key": "TenantID",
                "read_capacity": 7,
                "write_capacity": 7
              }
            ],
            "hash_key": "TenantID",
            "id": "UserBalanceTable",
            "import_table": [],
            "local_secondary_index": [],
            "name": "UserBalanceTable",
            "point_in_time_recovery": [
              {
                "enabled": false
              }
            ],
            "range_key": "AccountID",
            "read_capacity": 7,
            "replica": [],
            "restore_date_time": null,
            "restore_source_name": null,
            "restore_to_latest_time": null,
            "server_side_encryption": [],
            "stream_arn": "",
            "stream_enabled": false,
            "stream_label": "",
            "stream_view_type": "",
            "table_class": "STANDARD",
            "tags": {},
            "tags_all": {},
            "timeouts": {
              "create": null,
              "delete": null,
              "update": null
            },
            "ttl": [
              {
                "attribute_name": "",
                "enabled": false
              }
            ],
            "write_capacity": 7
          },
          "sensitive_attributes": [],
          "private": "eyJlMmJmYjczMC1lY2FhLTExZTYtOGY4OC0zNDM2M2JjN2M0YzAiOnsiY3JlYXRlIjoxODAwMDAwMDAwMDAwLCJkZWxldGUiOjYwMDAwMDAwMDAwMCwidXBkYXRlIjozNjAwMDAwMDAwMDAwfSwic2NoZW1hX3ZlcnNpb24iOiIxIn0="
        }
      ]
    },
    {
      "mode": "managed",
      "type": "aws_dynamodb_table",
      "name": "escrow_meta",
      "provider": "provider[\"registry.terraform.io/hashicorp/aws\"]",
      "instances": [
        {
          "schema_version": 1,
          "attributes": {
            "arn": "arn:aws:dynamodb:us-east-1:767397764981:table/EscrowMeta",
            "attribute": [
              {
                "name": "TenantID",
                "type": "S"
              },
              {
                "name": "Webhook",
                "type": "S"
              }
            ],
            "billing_mode": "PROVISIONED",
            "deletion_protection_enabled": false,
            "global_secondary_index": [
              {
                "hash_key": "TenantID",
                "name": "WebhookIndex",
                "non_key_attributes": [],
                "projection_type": "ALL",
                "range_key": "Webhook",
                "read_capacity": 7,
                "write_capacity": 7
              }
            ],
            "hash_key": "TenantID",
            "id": "EscrowMeta",
            "import_table": [],
            "local_secondary_index": [],
            "name": "EscrowMeta",
            "point_in_time_recovery": [
              {
                "enabled": false
              }
            ],
            "range_key": null,
            "read_capacity": 7,
            "replica": [],
            "restore_date_time": null,
            "restore_source_name": null,
            "restore_to_latest_time": null,
            "server_side_encryption": [],
            "stream_arn": "",
            "stream_enabled": false,
            "stream_label": "",
            "stream_view_type": "",
            "table_class": "STANDARD",
            "tags": {},
            "tags_all": {},
            "timeouts": null,
            "ttl": [
              {
                "attribute_name": "",
                "enabled": false
              }
            ],
            "write_capacity": 7
          },
          "sensitive_attributes": [],
          "private": "eyJlMmJmYjczMC1lY2FhLTExZTYtOGY4OC0zNDM2M2JjN2M0YzAiOnsiY3JlYXRlIjoxODAwMDAwMDAwMDAwLCJkZWxldGUiOjYwMDAwMDAwMDAwMCwidXBkYXRlIjozNjAwMDAwMDAwMDAwfSwic2NoZW1hX3ZlcnNpb24iOiIxIn0="
        }
      ]
    },
    {
      "mode": "managed",
      "type": "aws_dynamodb_table",
      "name": "escrow_transactions",
      "provider": "provider[\"registry.terraform.io/hashicorp/aws\"]",
      "instances": [
        {
          "schema_version": 1,
          "attributes": {
            "arn": "arn:aws:dynamodb:us-east-1:767397764981:table/EscrowTransactions",
            "attribute": [
              {
                "name": "FromAccount",
                "type": "S"
              },
              {
                "name": "FromTenantID",
                "type": "S"
              },
              {
                "name": "ToAccount",
                "type": "S"
              },
              {
                "name": "ToTenantID",
                "type": "S"
              },
              {
                "name": "TransactionDate",
                "type": "N"
              },
              {
                "name": "TransactionID",
                "type": "S"
              },
              {
                "name": "UUID",
                "type": "S"
              }
            ],
            "billing_mode": "PROVISIONED",
            "deletion_protection_enabled": false,
            "global_secondary_index": [
              {
                "hash_key": "FromTenantID",
                "name": "FromTenantIDIndex",
                "non_key_attributes": [],
                "projection_type": "ALL",
                "range_key": "TransactionID",
                "read_capacity": 7,
                "write_capacity": 7
              },
              {
                "hash_key": "ToTenantID",
                "name": "ToTenantIDIndex",
                "non_key_attributes": [],
                "projection_type": "ALL",
                "range_key": "TransactionID",
                "read_capacity": 7,
                "write_capacity": 7
              },
              {
                "hash_key": "TransactionID",
                "name": "SystemID",
                "non_key_attributes": [],
                "projection_type": "ALL",
                "range_key": "UUID",
                "read_capacity": 7,
                "write_capacity": 7
              },
              {
                "hash_key": "UUID",
                "name": "FromAccountIndex",
                "non_key_attributes": [],
                "projection_type": "ALL",
                "range_key": "FromAccount",
                "read_capacity": 7,
                "write_capacity": 7
              },
              {
                "hash_key": "UUID",
                "name": "ToAccountIndex",
                "non_key_attributes": [],
                "projection_type": "ALL",
                "range_key": "ToAccount",
                "read_capacity": 7,
                "write_capacity": 7
              },
              {
                "hash_key": "UUID",
                "name": "TransactionDateIndex",
                "non_key_attributes": [],
                "projection_type": "ALL",
                "range_key": "TransactionDate",
                "read_capacity": 7,
                "write_capacity": 7
              }
            ],
            "hash_key": "UUID",
            "id": "EscrowTransactions",
            "import_table": [],
            "local_secondary_index": [],
            "name": "EscrowTransactions",
            "point_in_time_recovery": [
              {
                "enabled": false
              }
            ],
            "range_key": "TransactionID",
            "read_capacity": 7,
            "replica": [],
            "restore_date_time": null,
            "restore_source_name": null,
            "restore_to_latest_time": null,
            "server_side_encryption": [],
            "stream_arn": "arn:aws:dynamodb:us-east-1:767397764981:table/EscrowTransactions/stream/2024-06-15T11:41:24.441",
            "stream_enabled": true,
            "stream_label": "2024-06-15T11:41:24.441",
            "stream_view_type": "NEW_AND_OLD_IMAGES",
            "table_class": "STANDARD",
            "tags": {},
            "tags_all": {},
            "timeouts": null,
            "ttl": [
              {
                "attribute_name": "",
                "enabled": false
              }
            ],
            "write_capacity": 7
          },
          "sensitive_attributes": [],
          "private": "eyJlMmJmYjczMC1lY2FhLTExZTYtOGY4OC0zNDM2M2JjN2M0YzAiOnsiY3JlYXRlIjoxODAwMDAwMDAwMDAwLCJkZWxldGUiOjYwMDAwMDAwMDAwMCwidXBkYXRlIjozNjAwMDAwMDAwMDAwfSwic2NoZW1hX3ZlcnNpb24iOiIxIn0="
        }
      ]
    },
    {
      "mode": "managed",
      "type": "aws_dynamodb_table",
      "name": "ledger_table",
      "provider": "provider[\"registry.terraform.io/hashicorp/aws\"]",
      "instances": [
        {
          "schema_version": 1,
          "attributes": {
            "arn": "arn:aws:dynamodb:us-east-1:767397764981:table/LedgerTable",
            "attribute": [
              {
                "name": "TenantID",
                "type": "S"
              },
              {
                "name": "TransactionID",
                "type": "S"
              },
              {
                "name": "UUID",
                "type": "S"
              }
            ],
            "billing_mode": "PROVISIONED",
            "deletion_protection_enabled": false,
            "global_secondary_index": [
              {
                "hash_key": "TenantID",
                "name": "TransactionIndex",
                "non_key_attributes": [],
                "projection_type": "ALL",
                "range_key": "TransactionID",
                "read_capacity": 7,
                "write_capacity": 7
              },
              {
                "hash_key": "TenantID",
                "name": "UserUUIDIndex",
                "non_key_attributes": [],
                "projection_type": "ALL",
                "range_key": "UUID",
                "read_capacity": 7,
                "write_capacity": 7
              }
            ],
            "hash_key": "TenantID",
            "id": "LedgerTable",
            "import_table": [],
            "local_secondary_index": [],
            "name": "LedgerTable",
            "point_in_time_recovery": [
              {
                "enabled": false
              }
            ],
            "range_key": "TransactionID",
            "read_capacity": 7,
            "replica": [],
            "restore_date_time": null,
            "restore_source_name": null,
            "restore_to_latest_time": null,
            "server_side_encryption": [],
            "stream_arn": "",
            "stream_enabled": false,
            "stream_label": "",
            "stream_view_type": "",
            "table_class": "STANDARD",
            "tags": {},
            "tags_all": {},
            "timeouts": null,
            "ttl": [
              {
                "attribute_name": "",
                "enabled": false
              }
            ],
            "write_capacity": 7
          },
          "sensitive_attributes": [],
          "private": "eyJlMmJmYjczMC1lY2FhLTExZTYtOGY4OC0zNDM2M2JjN2M0YzAiOnsiY3JlYXRlIjoxODAwMDAwMDAwMDAwLCJkZWxldGUiOjYwMDAwMDAwMDAwMCwidXBkYXRlIjozNjAwMDAwMDAwMDAwfSwic2NoZW1hX3ZlcnNpb24iOiIxIn0="
        }
      ]
    },
    {
      "mode": "managed",
      "type": "aws_dynamodb_table",
      "name": "qr_payments_table",
      "provider": "provider[\"registry.terraform.io/hashicorp/aws\"]",
      "instances": [
        {
          "schema_version": 1,
          "attributes": {
            "arn": "arn:aws:dynamodb:us-east-1:767397764981:table/QRPaymentsTable",
            "attribute": [
              {
                "name": "AccountID",
                "type": "S"
              },
              {
                "name": "PaymentID",
                "type": "S"
              },
              {
                "name": "Status",
                "type": "S"
              },
              {
                "name": "TenantID",
                "type": "S"
              },
              {
                "name": "UUID",
                "type": "S"
              }
            ],
            "billing_mode": "PROVISIONED",
            "deletion_protection_enabled": false,
            "global_secondary_index": [
              {
                "hash_key": "TenantID",
                "name": "AccountIDIndex",
                "non_key_attributes": [],
                "projection_type": "ALL",
                "range_key": "AccountID",
                "read_capacity": 5,
                "write_capacity": 5
              },
              {
                "hash_key": "TenantID",
                "name": "StatusIndex",
                "non_key_attributes": [],
                "projection_type": "ALL",
                "range_key": "Status",
                "read_capacity": 5,
                "write_capacity": 5
              },
              {
                "hash_key": "TenantID",
                "name": "UUIDIndex",
                "non_key_attributes": [],
                "projection_type": "ALL",
                "range_key": "UUID",
                "read_capacity": 5,
                "write_capacity": 5
              }
            ],
            "hash_key": "TenantID",
            "id": "QRPaymentsTable",
            "import_table": [],
            "local_secondary_index": [],
            "name": "QRPaymentsTable",
            "point_in_time_recovery": [
              {
                "enabled": false
              }
            ],
            "range_key": "PaymentID",
            "read_capacity": 5,
            "replica": [],
            "restore_date_time": null,
            "restore_source_name": null,
            "restore_to_latest_time": null,
            "server_side_encryption": [],
            "stream_arn": "",
            "stream_enabled": false,
            "stream_label": "",
            "stream_view_type": "",
            "table_class": "STANDARD",
            "tags": {},
            "tags_all": {},
            "timeouts": null,
            "ttl": [
              {
                "attribute_name": "",
                "enabled": false
              }
            ],
            "write_capacity": 5
          },
          "sensitive_attributes": [],
          "private": "eyJlMmJmYjczMC1lY2FhLTExZTYtOGY4OC0zNDM2M2JjN2M0YzAiOnsiY3JlYXRlIjoxODAwMDAwMDAwMDAwLCJkZWxldGUiOjYwMDAwMDAwMDAwMCwidXBkYXRlIjozNjAwMDAwMDAwMDAwfSwic2NoZW1hX3ZlcnNpb24iOiIxIn0="
        }
      ]
    },
    {
      "mode": "managed",
      "type": "aws_dynamodb_table",
      "name": "service_providers",
      "provider": "provider[\"registry.terraform.io/hashicorp/aws\"]",
      "instances": [
        {
          "schema_version": 1,
          "attributes": {
            "arn": "arn:aws:dynamodb:us-east-1:767397764981:table/ServiceProviders",
            "attribute": [
              {
                "name": "TenantID",
                "type": "S"
              }
            ],
            "billing_mode": "PROVISIONED",
            "deletion_protection_enabled": false,
            "global_secondary_index": [],
            "hash_key": "TenantID",
            "id": "ServiceProviders",
            "import_table": [],
            "local_secondary_index": [],
            "name": "ServiceProviders",
            "point_in_time_recovery": [
              {
                "enabled": false
              }
            ],
            "range_key": null,
            "read_capacity": 7,
            "replica": [],
            "restore_date_time": null,
            "restore_source_name": null,
            "restore_to_latest_time": null,
            "server_side_encryption": [],
            "stream_arn": "",
            "stream_enabled": false,
            "stream_label": "",
            "stream_view_type": "",
            "table_class": "STANDARD",
            "tags": {},
            "tags_all": {},
            "timeouts": null,
            "ttl": [
              {
                "attribute_name": "",
                "enabled": false
              }
            ],
            "write_capacity": 7
          },
          "sensitive_attributes": [],
          "private": "eyJlMmJmYjczMC1lY2FhLTExZTYtOGY4OC0zNDM2M2JjN2M0YzAiOnsiY3JlYXRlIjoxODAwMDAwMDAwMDAwLCJkZWxldGUiOjYwMDAwMDAwMDAwMCwidXBkYXRlIjozNjAwMDAwMDAwMDAwfSwic2NoZW1hX3ZlcnNpb24iOiIxIn0="
        }
      ]
    },
    {
      "mode": "managed",
      "type": "aws_dynamodb_table",
      "name": "transactions",
      "provider": "provider[\"registry.terraform.io/hashicorp/aws\"]",
      "instances": [
        {
          "schema_version": 1,
          "attributes": {
            "arn": "arn:aws:dynamodb:us-east-1:767397764981:table/TransactionsTable",
            "attribute": [
              {
                "name": "FromAccount",
                "type": "S"
              },
              {
                "name": "TenantID",
                "type": "S"
              },
              {
                "name": "ToAccount",
                "type": "S"
              },
              {
                "name": "TransactionDate",
                "type": "N"
              },
              {
                "name": "TransactionID",
                "type": "S"
              },
              {
                "name": "UUID",
                "type": "S"
              }
            ],
            "billing_mode": "PROVISIONED",
            "deletion_protection_enabled": false,
            "global_secondary_index": [
              {
                "hash_key": "TenantID",
                "name": "FromAccountIndex",
                "non_key_attributes": [],
                "projection_type": "ALL",
                "range_key": "FromAccount",
                "read_capacity": 7,
                "write_capacity": 7
              },
              {
                "hash_key": "TenantID",
                "name": "ToAccountIndex",
                "non_key_attributes": [],
                "projection_type": "ALL",
                "range_key": "ToAccount",
                "read_capacity": 7,
                "write_capacity": 7
              },
              {
                "hash_key": "TenantID",
                "name": "TransactionDateIndex",
                "non_key_attributes": [],
                "projection_type": "ALL",
                "range_key": "TransactionDate",
                "read_capacity": 7,
                "write_capacity": 7
              },
              {
                "hash_key": "TenantID",
                "name": "UserUUIDIndex",
                "non_key_attributes": [],
                "projection_type": "ALL",
                "range_key": "UUID",
                "read_capacity": 7,
                "write_capacity": 7
              }
            ],
            "hash_key": "TenantID",
            "id": "TransactionsTable",
            "import_table": [],
            "local_secondary_index": [],
            "name": "TransactionsTable",
            "point_in_time_recovery": [
              {
                "enabled": false
              }
            ],
            "range_key": "TransactionID",
            "read_capacity": 7,
            "replica": [],
            "restore_date_time": null,
            "restore_source_name": null,
            "restore_to_latest_time": null,
            "server_side_encryption": [],
            "stream_arn": "",
            "stream_enabled": false,
            "stream_label": "",
            "stream_view_type": "",
            "table_class": "STANDARD",
            "tags": {},
            "tags_all": {},
            "timeouts": null,
            "ttl": [
              {
                "attribute_name": "",
                "enabled": false
              }
            ],
            "write_capacity": 7
          },
          "sensitive_attributes": [],
          "private": "eyJlMmJmYjczMC1lY2FhLTExZTYtOGY4OC0zNDM2M2JjN2M0YzAiOnsiY3JlYXRlIjoxODAwMDAwMDAwMDAwLCJkZWxldGUiOjYwMDAwMDAwMDAwMCwidXBkYXRlIjozNjAwMDAwMDAwMDAwfSwic2NoZW1hX3ZlcnNpb24iOiIxIn0="
        }
      ]
    },
    {
      "mode": "managed",
      "type": "aws_iam_policy",
      "name": "lambda_dynamodb_policy",
      "provider": "provider[\"registry.terraform.io/hashicorp/aws\"]",
      "instances": [
        {
          "schema_version": 0,
          "attributes": {
            "arn": "arn:aws:iam::767397764981:policy/lambda_dynamodb_policy",
            "attachment_count": 1,
            "description": "Policy for Lambda to access DynamoDB",
            "id": "arn:aws:iam::767397764981:policy/lambda_dynamodb_policy",
            "name": "lambda_dynamodb_policy",
            "name_prefix": "",
            "path": "/",
            "policy": "{\"Statement\":[{\"Action\":[\"dynamodb:GetItem\",\"dynamodb:PutItem\",\"dynamodb:DeleteItem\",\"dynamodb:GetRecords\",\"dynamodb:GetShardIterator\",\"dynamodb:DescribeStream\",\"dynamodb:ListStreams\"],\"Effect\":\"Allow\",\"Resource\":[\"arn:aws:dynamodb:us-east-1:767397764981:table/NilUsers\",\"arn:aws:dynamodb:us-east-1:767397764981:table/NilUsers/stream/2024-06-07T19:02:34.085\",\"arn:aws:dynamodb:us-east-1:767397764981:table/DeletedNilUsers\"]}],\"Version\":\"2012-10-17\"}",
            "policy_id": "ANPA3FLDYT523EIUG72FX",
            "tags": {},
            "tags_all": {}
          },
          "sensitive_attributes": [],
          "private": "bnVsbA==",
          "dependencies": [
            "aws_dynamodb_table.DeletedNilUsers",
            "aws_dynamodb_table.NilUsersTable"
          ]
        }
      ]
    },
    {
      "mode": "managed",
      "type": "aws_iam_policy",
      "name": "sqs_lambda_exec_policy",
      "provider": "provider[\"registry.terraform.io/hashicorp/aws\"]",
      "instances": [
        {
          "schema_version": 0,
          "attributes": {
            "arn": "arn:aws:iam::767397764981:policy/sqs_lambda_exec_policy",
            "attachment_count": 1,
            "description": "",
            "id": "arn:aws:iam::767397764981:policy/sqs_lambda_exec_policy",
            "name": "sqs_lambda_exec_policy",
            "name_prefix": "",
            "path": "/",
            "policy": "{\"Statement\":[{\"Action\":[\"sqs:ReceiveMessage\",\"sqs:DeleteMessage\",\"sqs:GetQueueAttributes\"],\"Effect\":\"Allow\",\"Resource\":[\"arn:aws:sqs:us-east-1:767397764981:sns-queue\",\"arn:aws:sqs:us-east-1:767397764981:sns-dlq\"]},{\"Action\":[\"logs:CreateLogGroup\",\"logs:CreateLogStream\",\"logs:PutLogEvents\"],\"Effect\":\"Allow\",\"Resource\":\"arn:aws:logs:*:*:*\"}],\"Version\":\"2012-10-17\"}",
            "policy_id": "ANPA3FLDYT52WBEDJMPGM",
            "tags": {},
            "tags_all": {}
          },
          "sensitive_attributes": [],
          "private": "bnVsbA==",
          "dependencies": [
            "aws_sqs_queue.sns_dlq",
            "aws_sqs_queue.sns_queue"
          ]
        }
      ]
    },
    {
      "mode": "managed",
      "type": "aws_iam_role",
      "name": "lambda_dynamodb_role",
      "provider": "provider[\"registry.terraform.io/hashicorp/aws\"]",
      "instances": [
        {
          "schema_version": 0,
          "attributes": {
            "arn": "arn:aws:iam::767397764981:role/lambda_dynamodb_role",
            "assume_role_policy": "{\"Version\":\"2012-10-17\",\"Statement\":[{\"Effect\":\"Allow\",\"Principal\":{\"Service\":\"lambda.amazonaws.com\"},\"Action\":\"sts:AssumeRole\"}]}",
            "create_date": "2024-06-07T19:02:34Z",
            "description": "",
            "force_detach_policies": false,
            "id": "lambda_dynamodb_role",
            "inline_policy": [
              {
                "name": "",
                "policy": ""
              }
            ],
            "managed_policy_arns": [
              "arn:aws:iam::767397764981:policy/lambda_dynamodb_policy"
            ],
            "max_session_duration": 3600,
            "name": "lambda_dynamodb_role",
            "name_prefix": "",
            "path": "/",
            "permissions_boundary": "",
            "tags": {},
            "tags_all": {},
            "unique_id": "AROA3FLDYT527IOEXQQOI"
          },
          "sensitive_attributes": [],
          "private": "bnVsbA=="
        }
      ]
    },
    {
      "mode": "managed",
      "type": "aws_iam_role",
      "name": "lambda_exec_role",
      "provider": "provider[\"registry.terraform.io/hashicorp/aws\"]",
      "instances": [
        {
          "schema_version": 0,
          "attributes": {
            "arn": "arn:aws:iam::767397764981:role/lambda_exec_role",
            "assume_role_policy": "{\"Version\":\"2012-10-17\",\"Statement\":[{\"Effect\":\"Allow\",\"Principal\":{\"Service\":\"lambda.amazonaws.com\"},\"Action\":\"sts:AssumeRole\"}]}",
            "create_date": "2024-06-15T11:41:24Z",
            "description": "",
            "force_detach_policies": false,
            "id": "lambda_exec_role",
            "inline_policy": [
              {
                "name": "lambda_exec_policy",
                "policy": "{\"Version\":\"2012-10-17\",\"Statement\":[{\"Action\":[\"dynamodb:Scan\",\"dynamodb:Query\",\"dynamodb:GetItem\",\"dynamodb:BatchGetItem\",\"dynamodb:DescribeStream\",\"dynamodb:GetRecords\",\"dynamodb:GetShardIterator\",\"dynamodb:ListStreams\"],\"Effect\":\"Allow\",\"Resource\":[\"arn:aws:dynamodb:us-east-1:767397764981:table/EscrowTransactions\",\"arn:aws:dynamodb:us-east-1:767397764981:table/EscrowTransactions/stream/*\",\"arn:aws:dynamodb:us-east-1:767397764981:table/ServiceProviders\"]},{\"Action\":[\"sns:Publish\"],\"Effect\":\"Allow\",\"Resource\":\"arn:aws:sns:us-east-1:767397764981:TransactionNotifications\"},{\"Action\":\"logs:*\",\"Effect\":\"Allow\",\"Resource\":\"arn:aws:logs:*:*:*\"}]}"
              }
            ],
            "managed_policy_arns": [],
            "max_session_duration": 3600,
            "name": "lambda_exec_role",
            "name_prefix": "",
            "path": "/",
            "permissions_boundary": "",
            "tags": {},
            "tags_all": {},
            "unique_id": "AROA3FLDYT52QJ6BXVVJH"
          },
          "sensitive_attributes": [],
          "private": "bnVsbA=="
        }
      ]
    },
    {
      "mode": "managed",
      "type": "aws_iam_role",
      "name": "sqs_lambda_exec_role",
      "provider": "provider[\"registry.terraform.io/hashicorp/aws\"]",
      "instances": [
        {
          "schema_version": 0,
          "attributes": {
            "arn": "arn:aws:iam::767397764981:role/sqs_lambda_exec_role",
            "assume_role_policy": "{\"Statement\":[{\"Action\":\"sts:AssumeRole\",\"Effect\":\"Allow\",\"Principal\":{\"Service\":\"lambda.amazonaws.com\"}}],\"Version\":\"2012-10-17\"}",
            "create_date": "2024-06-18T10:48:47Z",
            "description": "",
            "force_detach_policies": false,
            "id": "sqs_lambda_exec_role",
            "inline_policy": [],
            "managed_policy_arns": [
              "arn:aws:iam::767397764981:policy/sqs_lambda_exec_policy"
            ],
            "max_session_duration": 3600,
            "name": "sqs_lambda_exec_role",
            "name_prefix": "",
            "path": "/",
            "permissions_boundary": "",
            "tags": {},
            "tags_all": {},
            "unique_id": "AROA3FLDYT524Y6FGHWTF"
          },
          "sensitive_attributes": [],
          "private": "bnVsbA=="
        }
      ]
    },
    {
      "mode": "managed",
      "type": "aws_iam_role_policy",
      "name": "lambda_exec_policy",
      "provider": "provider[\"registry.terraform.io/hashicorp/aws\"]",
      "instances": [
        {
          "schema_version": 0,
          "attributes": {
            "id": "lambda_exec_role:lambda_exec_policy",
            "name": "lambda_exec_policy",
            "name_prefix": "",
            "policy": "{\"Version\":\"2012-10-17\",\"Statement\":[{\"Action\":[\"dynamodb:Scan\",\"dynamodb:Query\",\"dynamodb:GetItem\",\"dynamodb:BatchGetItem\",\"dynamodb:DescribeStream\",\"dynamodb:GetRecords\",\"dynamodb:GetShardIterator\",\"dynamodb:ListStreams\"],\"Effect\":\"Allow\",\"Resource\":[\"arn:aws:dynamodb:us-east-1:767397764981:table/EscrowTransactions\",\"arn:aws:dynamodb:us-east-1:767397764981:table/EscrowTransactions/stream/*\",\"arn:aws:dynamodb:us-east-1:767397764981:table/ServiceProviders\"]},{\"Action\":[\"sns:Publish\"],\"Effect\":\"Allow\",\"Resource\":\"arn:aws:sns:us-east-1:767397764981:TransactionNotifications\"},{\"Action\":\"logs:*\",\"Effect\":\"Allow\",\"Resource\":\"arn:aws:logs:*:*:*\"}]}",
            "role": "lambda_exec_role"
          },
          "sensitive_attributes": [],
          "private": "bnVsbA==",
          "dependencies": [
            "aws_dynamodb_table.escrow_transactions",
            "aws_dynamodb_table.service_providers",
            "aws_iam_role.lambda_exec_role"
          ]
        }
      ]
    },
    {
      "mode": "managed",
      "type": "aws_iam_role_policy_attachment",
      "name": "lambda_policy_attach",
      "provider": "provider[\"registry.terraform.io/hashicorp/aws\"]",
      "instances": [
        {
          "schema_version": 0,
          "attributes": {
            "id": "lambda_dynamodb_role-20240607190247964800000001",
            "policy_arn": "arn:aws:iam::767397764981:policy/lambda_dynamodb_policy",
            "role": "lambda_dynamodb_role"
          },
          "sensitive_attributes": [],
          "private": "bnVsbA==",
          "dependencies": [
            "aws_dynamodb_table.DeletedNilUsers",
            "aws_dynamodb_table.NilUsersTable",
            "aws_iam_policy.lambda_dynamodb_policy",
            "aws_iam_role.lambda_dynamodb_role"
          ]
        }
      ]
    },
    {
      "mode": "managed",
      "type": "aws_iam_role_policy_attachment",
      "name": "sqs_lambda_policy_attach",
      "provider": "provider[\"registry.terraform.io/hashicorp/aws\"]",
      "instances": [
        {
          "schema_version": 0,
          "attributes": {
            "id": "sqs_lambda_exec_role-20240618104916699700000001",
            "policy_arn": "arn:aws:iam::767397764981:policy/sqs_lambda_exec_policy",
            "role": "sqs_lambda_exec_role"
          },
          "sensitive_attributes": [],
          "private": "bnVsbA==",
          "dependencies": [
            "aws_iam_policy.sqs_lambda_exec_policy",
            "aws_iam_role.sqs_lambda_exec_role",
            "aws_sqs_queue.sns_dlq",
            "aws_sqs_queue.sns_queue"
          ]
        }
      ]
    },
    {
      "mode": "managed",
      "type": "aws_lambda_event_source_mapping",
      "name": "dynamodb_stream",
      "provider": "provider[\"registry.terraform.io/hashicorp/aws\"]",
      "instances": [
        {
          "schema_version": 0,
          "attributes": {
            "amazon_managed_kafka_event_source_config": [],
            "batch_size": 100,
            "bisect_batch_on_function_error": false,
            "destination_config": [
              {
                "on_failure": [
                  {
                    "destination_arn": null
                  }
                ]
              }
            ],
            "document_db_event_source_config": [],
            "enabled": true,
            "event_source_arn": "arn:aws:dynamodb:us-east-1:767397764981:table/EscrowTransactions/stream/2024-06-15T11:41:24.441",
            "filter_criteria": [],
            "function_arn": "arn:aws:lambda:us-east-1:767397764981:function:escrow_transaction_processor",
            "function_name": "arn:aws:lambda:us-east-1:767397764981:function:escrow_transaction_processor",
            "function_response_types": [],
            "id": "3f366d20-e8ec-4328-94a1-b497d74b8f3c",
            "last_modified": "2024-07-27T09:03:00Z",
            "last_processing_result": "OK",
            "maximum_batching_window_in_seconds": 0,
            "maximum_record_age_in_seconds": -1,
            "maximum_retry_attempts": -1,
            "parallelization_factor": 1,
            "queues": [],
            "scaling_config": [],
            "self_managed_event_source": [],
            "self_managed_kafka_event_source_config": [],
            "source_access_configuration": [],
            "starting_position": "LATEST",
            "starting_position_timestamp": "",
            "state": "Enabled",
            "state_transition_reason": "User action",
            "topics": [],
            "tumbling_window_in_seconds": 0,
            "uuid": "3f366d20-e8ec-4328-94a1-b497d74b8f3c"
          },
          "sensitive_attributes": [],
          "private": "bnVsbA==",
          "dependencies": [
            "aws_dynamodb_table.escrow_transactions",
            "aws_iam_role.lambda_exec_role",
            "aws_lambda_function.escrow_transaction_processor"
          ]
        }
      ]
    },
    {
      "mode": "managed",
      "type": "aws_lambda_event_source_mapping",
      "name": "dynamodb_stream_mapping",
      "provider": "provider[\"registry.terraform.io/hashicorp/aws\"]",
      "instances": [
        {
          "schema_version": 0,
          "attributes": {
            "amazon_managed_kafka_event_source_config": [],
            "batch_size": 100,
            "bisect_batch_on_function_error": false,
            "destination_config": [
              {
                "on_failure": [
                  {
                    "destination_arn": null
                  }
                ]
              }
            ],
            "document_db_event_source_config": [],
            "enabled": true,
            "event_source_arn": "arn:aws:dynamodb:us-east-1:767397764981:table/NilUsers/stream/2024-06-07T19:02:34.085",
            "filter_criteria": [],
            "function_arn": "arn:aws:lambda:us-east-1:767397764981:function:dynamodb_stream_processor",
            "function_name": "arn:aws:lambda:us-east-1:767397764981:function:dynamodb_stream_processor",
            "function_response_types": [],
            "id": "2a0a90a7-ad92-4858-aa42-d24869d3299a",
            "last_modified": "2024-07-01T13:15:00Z",
            "last_processing_result": "PROBLEM: Function call failed",
            "maximum_batching_window_in_seconds": 0,
            "maximum_record_age_in_seconds": -1,
            "maximum_retry_attempts": -1,
            "parallelization_factor": 1,
            "queues": [],
            "scaling_config": [],
            "self_managed_event_source": [],
            "self_managed_kafka_event_source_config": [],
            "source_access_configuration": [],
            "starting_position": "LATEST",
            "starting_position_timestamp": "",
            "state": "Enabled",
            "state_transition_reason": "User action",
            "topics": [],
            "tumbling_window_in_seconds": 0,
            "uuid": "2a0a90a7-ad92-4858-aa42-d24869d3299a"
          },
          "sensitive_attributes": [],
          "private": "bnVsbA==",
          "dependencies": [
            "aws_dynamodb_table.DeletedNilUsers",
            "aws_dynamodb_table.NilUsersTable",
            "aws_iam_role.lambda_dynamodb_role",
            "aws_lambda_function.dynamodb_stream_processor"
          ]
        }
      ]
    },
    {
      "mode": "managed",
      "type": "aws_lambda_event_source_mapping",
      "name": "sqs_lambda_mapping",
      "provider": "provider[\"registry.terraform.io/hashicorp/aws\"]",
      "instances": [
        {
          "schema_version": 0,
          "attributes": {
            "amazon_managed_kafka_event_source_config": [],
            "batch_size": 10,
            "bisect_batch_on_function_error": false,
            "destination_config": [],
            "document_db_event_source_config": [],
            "enabled": true,
            "event_source_arn": "arn:aws:sqs:us-east-1:767397764981:sns-queue",
            "filter_criteria": [],
            "function_arn": "arn:aws:lambda:us-east-1:767397764981:function:SQSProcessor",
            "function_name": "arn:aws:lambda:us-east-1:767397764981:function:SQSProcessor",
            "function_response_types": [],
            "id": "51a0728e-7d93-470d-8276-00a86a7ab7df",
            "last_modified": "2024-06-18T10:49:25Z",
            "last_processing_result": "",
            "maximum_batching_window_in_seconds": 0,
            "maximum_record_age_in_seconds": 0,
            "maximum_retry_attempts": 0,
            "parallelization_factor": 0,
            "queues": [],
            "scaling_config": [],
            "self_managed_event_source": [],
            "self_managed_kafka_event_source_config": [],
            "source_access_configuration": [],
            "starting_position": "",
            "starting_position_timestamp": "",
            "state": "Enabled",
            "state_transition_reason": "USER_INITIATED",
            "topics": [],
            "tumbling_window_in_seconds": 0,
            "uuid": "51a0728e-7d93-470d-8276-00a86a7ab7df"
          },
          "sensitive_attributes": [],
          "private": "bnVsbA==",
          "dependencies": [
            "aws_iam_role.sqs_lambda_exec_role",
            "aws_lambda_function.sqs_processor",
            "aws_sqs_queue.sns_queue"
          ]
        }
      ]
    },
    {
      "mode": "managed",
      "type": "aws_lambda_function",
      "name": "dynamodb_stream_processor",
      "provider": "provider[\"registry.terraform.io/hashicorp/aws\"]",
      "instances": [
        {
          "schema_version": 0,
          "attributes": {
            "architectures": [
              "x86_64"
            ],
            "arn": "arn:aws:lambda:us-east-1:767397764981:function:dynamodb_stream_processor",
            "code_sha256": "ul8MyGMblhAqmW9ul1Ay56xIZD/8V91fy13NInh/iYM=",
            "code_signing_config_arn": "",
            "dead_letter_config": [],
            "description": "",
            "environment": [
              {
                "variables": {
                  "DESTINATION_TABLE": "DeletedNilUsers"
                }
              }
            ],
            "ephemeral_storage": [
              {
                "size": 512
              }
            ],
            "file_system_config": [],
            "filename": "function.zip",
            "function_name": "dynamodb_stream_processor",
            "handler": "bootstrap",
            "id": "dynamodb_stream_processor",
            "image_config": [],
            "image_uri": "",
            "invoke_arn": "arn:aws:apigateway:us-east-1:lambda:path/2015-03-31/functions/arn:aws:lambda:us-east-1:767397764981:function:dynamodb_stream_processor/invocations",
            "kms_key_arn": "",
            "last_modified": "2024-06-16T20:44:31.000+0000",
            "layers": [],
            "logging_config": [
              {
                "application_log_level": "",
                "log_format": "Text",
                "log_group": "/aws/lambda/dynamodb_stream_processor",
                "system_log_level": ""
              }
            ],
            "memory_size": 128,
            "package_type": "Zip",
            "publish": false,
            "qualified_arn": "arn:aws:lambda:us-east-1:767397764981:function:dynamodb_stream_processor:$LATEST",
            "qualified_invoke_arn": "arn:aws:apigateway:us-east-1:lambda:path/2015-03-31/functions/arn:aws:lambda:us-east-1:767397764981:function:dynamodb_stream_processor:$LATEST/invocations",
            "replace_security_groups_on_destroy": null,
            "replacement_security_group_ids": null,
            "reserved_concurrent_executions": -1,
            "role": "arn:aws:iam::767397764981:role/lambda_dynamodb_role",
            "runtime": "provided.al2023",
            "s3_bucket": null,
            "s3_key": null,
            "s3_object_version": null,
            "signing_job_arn": "",
            "signing_profile_version_arn": "",
            "skip_destroy": false,
            "snap_start": [],
            "source_code_hash": "ul8MyGMblhAqmW9ul1Ay56xIZD/8V91fy13NInh/iYM=",
            "source_code_size": 607,
            "tags": {},
            "tags_all": {},
            "timeout": 3,
            "timeouts": null,
            "tracing_config": [
              {
                "mode": "PassThrough"
              }
            ],
            "version": "$LATEST",
            "vpc_config": []
          },
          "sensitive_attributes": [],
          "private": "eyJlMmJmYjczMC1lY2FhLTExZTYtOGY4OC0zNDM2M2JjN2M0YzAiOnsiY3JlYXRlIjo2MDAwMDAwMDAwMDAsImRlbGV0ZSI6NjAwMDAwMDAwMDAwLCJ1cGRhdGUiOjYwMDAwMDAwMDAwMH19",
          "dependencies": [
            "aws_dynamodb_table.DeletedNilUsers",
            "aws_iam_role.lambda_dynamodb_role"
          ]
        }
      ]
    },
    {
      "mode": "managed",
      "type": "aws_lambda_function",
      "name": "escrow_transaction_processor",
      "provider": "provider[\"registry.terraform.io/hashicorp/aws\"]",
      "instances": [
        {
          "schema_version": 0,
          "attributes": {
            "architectures": [
              "x86_64"
            ],
            "arn": "arn:aws:lambda:us-east-1:767397764981:function:escrow_transaction_processor",
            "code_sha256": "sPTIqVX7BtX9KIADJQsc1NXOtJVmmsVnpeKIyBAVpOA=",
            "code_signing_config_arn": "",
            "dead_letter_config": [],
            "description": "",
            "environment": [],
            "ephemeral_storage": [
              {
                "size": 512
              }
            ],
            "file_system_config": [],
            "filename": "cli/bootstrap.zip",
            "function_name": "escrow_transaction_processor",
            "handler": "bootstrap",
            "id": "escrow_transaction_processor",
            "image_config": [],
            "image_uri": "",
            "invoke_arn": "arn:aws:apigateway:us-east-1:lambda:path/2015-03-31/functions/arn:aws:lambda:us-east-1:767397764981:function:escrow_transaction_processor/invocations",
            "kms_key_arn": "",
            "last_modified": "2024-06-17T05:46:15.000+0000",
            "layers": [],
            "logging_config": [
              {
                "application_log_level": "",
                "log_format": "Text",
                "log_group": "/aws/lambda/escrow_transaction_processor",
                "system_log_level": ""
              }
            ],
            "memory_size": 128,
            "package_type": "Zip",
            "publish": false,
            "qualified_arn": "arn:aws:lambda:us-east-1:767397764981:function:escrow_transaction_processor:$LATEST",
            "qualified_invoke_arn": "arn:aws:apigateway:us-east-1:lambda:path/2015-03-31/functions/arn:aws:lambda:us-east-1:767397764981:function:escrow_transaction_processor:$LATEST/invocations",
            "replace_security_groups_on_destroy": null,
            "replacement_security_group_ids": null,
            "reserved_concurrent_executions": -1,
            "role": "arn:aws:iam::767397764981:role/lambda_exec_role",
            "runtime": "provided.al2023",
            "s3_bucket": null,
            "s3_key": null,
            "s3_object_version": null,
            "signing_job_arn": "",
            "signing_profile_version_arn": "",
            "skip_destroy": false,
            "snap_start": [],
            "source_code_hash": "sPTIqVX7BtX9KIADJQsc1NXOtJVmmsVnpeKIyBAVpOA=",
            "source_code_size": 7447193,
            "tags": {},
            "tags_all": {},
            "timeout": 3,
            "timeouts": null,
            "tracing_config": [
              {
                "mode": "PassThrough"
              }
            ],
            "version": "$LATEST",
            "vpc_config": []
          },
          "sensitive_attributes": [],
          "private": "eyJlMmJmYjczMC1lY2FhLTExZTYtOGY4OC0zNDM2M2JjN2M0YzAiOnsiY3JlYXRlIjo2MDAwMDAwMDAwMDAsImRlbGV0ZSI6NjAwMDAwMDAwMDAwLCJ1cGRhdGUiOjYwMDAwMDAwMDAwMH19",
          "dependencies": [
            "aws_iam_role.lambda_exec_role"
          ]
        }
      ]
    },
    {
      "mode": "managed",
      "type": "aws_lambda_function",
      "name": "sqs_processor",
      "provider": "provider[\"registry.terraform.io/hashicorp/aws\"]",
      "instances": [
        {
          "schema_version": 0,
          "attributes": {
            "architectures": [
              "x86_64"
            ],
            "arn": "arn:aws:lambda:us-east-1:767397764981:function:SQSProcessor",
            "code_sha256": "sDZBhwQA+D0FKLgo4jRq1SyytdMOJupoSSDLCU2K9sE=",
            "code_signing_config_arn": "",
            "dead_letter_config": [],
            "description": "",
            "environment": [],
            "ephemeral_storage": [
              {
                "size": 512
              }
            ],
            "file_system_config": [],
            "filename": "sqs/bootstrap.zip",
            "function_name": "SQSProcessor",
            "handler": "bootstrap",
            "id": "SQSProcessor",
            "image_config": [],
            "image_uri": "",
            "invoke_arn": "arn:aws:apigateway:us-east-1:lambda:path/2015-03-31/functions/arn:aws:lambda:us-east-1:767397764981:function:SQSProcessor/invocations",
            "kms_key_arn": "",
            "last_modified": "2024-06-18T10:53:50.000+0000",
            "layers": [],
            "logging_config": [
              {
                "application_log_level": "",
                "log_format": "Text",
                "log_group": "/aws/lambda/SQSProcessor",
                "system_log_level": ""
              }
            ],
            "memory_size": 128,
            "package_type": "Zip",
            "publish": false,
            "qualified_arn": "arn:aws:lambda:us-east-1:767397764981:function:SQSProcessor:$LATEST",
            "qualified_invoke_arn": "arn:aws:apigateway:us-east-1:lambda:path/2015-03-31/functions/arn:aws:lambda:us-east-1:767397764981:function:SQSProcessor:$LATEST/invocations",
            "replace_security_groups_on_destroy": null,
            "replacement_security_group_ids": null,
            "reserved_concurrent_executions": -1,
            "role": "arn:aws:iam::767397764981:role/sqs_lambda_exec_role",
            "runtime": "provided.al2023",
            "s3_bucket": null,
            "s3_key": null,
            "s3_object_version": null,
            "signing_job_arn": "",
            "signing_profile_version_arn": "",
            "skip_destroy": false,
            "snap_start": [],
            "source_code_hash": "sDZBhwQA+D0FKLgo4jRq1SyytdMOJupoSSDLCU2K9sE=",
            "source_code_size": 5646964,
            "tags": {},
            "tags_all": {},
            "timeout": 3,
            "timeouts": null,
            "tracing_config": [
              {
                "mode": "PassThrough"
              }
            ],
            "version": "$LATEST",
            "vpc_config": []
          },
          "sensitive_attributes": [],
          "private": "eyJlMmJmYjczMC1lY2FhLTExZTYtOGY4OC0zNDM2M2JjN2M0YzAiOnsiY3JlYXRlIjo2MDAwMDAwMDAwMDAsImRlbGV0ZSI6NjAwMDAwMDAwMDAwLCJ1cGRhdGUiOjYwMDAwMDAwMDAwMH19",
          "dependencies": [
            "aws_iam_role.sqs_lambda_exec_role"
          ]
        }
      ]
    },
    {
      "mode": "managed",
      "type": "aws_lambda_function",
      "name": "webhook_notifier",
      "provider": "provider[\"registry.terraform.io/hashicorp/aws\"]",
      "instances": [
        {
          "schema_version": 0,
          "attributes": {
            "architectures": [
              "x86_64"
            ],
            "arn": "arn:aws:lambda:us-east-1:767397764981:function:webhook_notifier",
            "code_sha256": "MyhaPY9yebN+VLBwC/VC/lax2FQ4CSm487WMe6hkF+g=",
            "code_signing_config_arn": "",
            "dead_letter_config": [],
            "description": "",
            "environment": [],
            "ephemeral_storage": [
              {
                "size": 512
              }
            ],
            "file_system_config": [],
            "filename": "cli/bootstrap.zip",
            "function_name": "webhook_notifier",
            "handler": "bootstrap",
            "id": "webhook_notifier",
            "image_config": [],
            "image_uri": "",
            "invoke_arn": "arn:aws:apigateway:us-east-1:lambda:path/2015-03-31/functions/arn:aws:lambda:us-east-1:767397764981:function:webhook_notifier/invocations",
            "kms_key_arn": "",
            "last_modified": "2024-08-10T14:14:23.000+0000",
            "layers": [],
            "logging_config": [
              {
                "application_log_level": "",
                "log_format": "Text",
                "log_group": "/aws/lambda/webhook_notifier",
                "system_log_level": ""
              }
            ],
            "memory_size": 128,
            "package_type": "Zip",
            "publish": false,
            "qualified_arn": "arn:aws:lambda:us-east-1:767397764981:function:webhook_notifier:$LATEST",
            "qualified_invoke_arn": "arn:aws:apigateway:us-east-1:lambda:path/2015-03-31/functions/arn:aws:lambda:us-east-1:767397764981:function:webhook_notifier:$LATEST/invocations",
            "replace_security_groups_on_destroy": null,
            "replacement_security_group_ids": null,
            "reserved_concurrent_executions": -1,
            "role": "arn:aws:iam::767397764981:role/lambda_exec_role",
            "runtime": "provided.al2023",
            "s3_bucket": null,
            "s3_key": null,
            "s3_object_version": null,
            "signing_job_arn": "",
            "signing_profile_version_arn": "",
            "skip_destroy": false,
            "snap_start": [],
            "source_code_hash": "sPTIqVX7BtX9KIADJQsc1NXOtJVmmsVnpeKIyBAVpOA=",
            "source_code_size": 7106027,
            "tags": {},
            "tags_all": {},
            "timeout": 3,
            "timeouts": null,
            "tracing_config": [
              {
                "mode": "PassThrough"
              }
            ],
            "version": "$LATEST",
            "vpc_config": []
          },
          "sensitive_attributes": [],
          "private": "eyJlMmJmYjczMC1lY2FhLTExZTYtOGY4OC0zNDM2M2JjN2M0YzAiOnsiY3JlYXRlIjo2MDAwMDAwMDAwMDAsImRlbGV0ZSI6NjAwMDAwMDAwMDAwLCJ1cGRhdGUiOjYwMDAwMDAwMDAwMH19",
          "dependencies": [
            "aws_iam_role.lambda_exec_role"
          ]
        }
      ]
    },
    {
      "mode": "managed",
      "type": "aws_lambda_permission",
      "name": "allow_sns",
      "provider": "provider[\"registry.terraform.io/hashicorp/aws\"]",
      "instances": [
        {
          "schema_version": 0,
          "attributes": {
            "action": "lambda:InvokeFunction",
            "event_source_token": null,
            "function_name": "webhook_notifier",
            "function_url_auth_type": null,
            "id": "AllowExecutionFromSNS",
            "principal": "sns.amazonaws.com",
            "principal_org_id": null,
            "qualifier": "",
            "source_account": null,
            "source_arn": "arn:aws:sns:us-east-1:767397764981:TransactionNotifications",
            "statement_id": "AllowExecutionFromSNS",
            "statement_id_prefix": ""
          },
          "sensitive_attributes": [],
          "private": "bnVsbA==",
          "dependencies": [
            "aws_iam_role.lambda_exec_role",
            "aws_lambda_function.webhook_notifier",
            "aws_sns_topic.transaction_notifications"
          ]
        }
      ]
    },
    {
      "mode": "managed",
      "type": "aws_ses_domain_identity",
      "name": "example",
      "provider": "provider[\"registry.terraform.io/hashicorp/aws\"]",
      "instances": [
        {
          "schema_version": 0,
          "attributes": {
            "arn": "arn:aws:ses:us-east-1:767397764981:identity/pynil.com",
            "domain": "pynil.com",
            "id": "pynil.com",
            "verification_token": "hjtne49wVcU/kF/FLjhZbI1jULOfgwMXkg1Cb7ytWNo="
          },
          "sensitive_attributes": [],
          "private": "bnVsbA=="
        }
      ]
    },
    {
      "mode": "managed",
      "type": "aws_sns_topic",
      "name": "transaction_notifications",
      "provider": "provider[\"registry.terraform.io/hashicorp/aws\"]",
      "instances": [
        {
          "schema_version": 0,
          "attributes": {
            "application_failure_feedback_role_arn": "",
            "application_success_feedback_role_arn": "",
            "application_success_feedback_sample_rate": 0,
            "archive_policy": "",
            "arn": "arn:aws:sns:us-east-1:767397764981:TransactionNotifications",
            "beginning_archive_time": "",
            "content_based_deduplication": false,
            "delivery_policy": "",
            "display_name": "",
            "fifo_topic": false,
            "firehose_failure_feedback_role_arn": "",
            "firehose_success_feedback_role_arn": "",
            "firehose_success_feedback_sample_rate": 0,
            "http_failure_feedback_role_arn": "",
            "http_success_feedback_role_arn": "",
            "http_success_feedback_sample_rate": 0,
            "id": "arn:aws:sns:us-east-1:767397764981:TransactionNotifications",
            "kms_master_key_id": "",
            "lambda_failure_feedback_role_arn": "",
            "lambda_success_feedback_role_arn": "",
            "lambda_success_feedback_sample_rate": 0,
            "name": "TransactionNotifications",
            "name_prefix": "",
            "owner": "767397764981",
            "policy": "{\"Id\":\"__default_policy_ID\",\"Statement\":[{\"Action\":[\"SNS:GetTopicAttributes\",\"SNS:SetTopicAttributes\",\"SNS:AddPermission\",\"SNS:RemovePermission\",\"SNS:DeleteTopic\",\"SNS:Subscribe\",\"SNS:ListSubscriptionsByTopic\",\"SNS:Publish\"],\"Condition\":{\"StringEquals\":{\"AWS:SourceOwner\":\"767397764981\"}},\"Effect\":\"Allow\",\"Principal\":{\"AWS\":\"*\"},\"Resource\":\"arn:aws:sns:us-east-1:767397764981:TransactionNotifications\",\"Sid\":\"__default_statement_ID\"}],\"Version\":\"2008-10-17\"}",
            "signature_version": 0,
            "sqs_failure_feedback_role_arn": "",
            "sqs_success_feedback_role_arn": "",
            "sqs_success_feedback_sample_rate": 0,
            "tags": {},
            "tags_all": {},
            "tracing_config": ""
          },
          "sensitive_attributes": [],
          "private": "bnVsbA=="
        }
      ]
    },
    {
      "mode": "managed",
      "type": "aws_sns_topic_subscription",
      "name": "lambda_subscription",
      "provider": "provider[\"registry.terraform.io/hashicorp/aws\"]",
      "instances": [
        {
          "schema_version": 0,
          "attributes": {
            "arn": "arn:aws:sns:us-east-1:767397764981:TransactionNotifications:197082d8-a0e6-41f0-8544-505fb6c416ac",
            "confirmation_timeout_in_minutes": 1,
            "confirmation_was_authenticated": true,
            "delivery_policy": "",
            "endpoint": "arn:aws:lambda:us-east-1:767397764981:function:webhook_notifier",
            "endpoint_auto_confirms": false,
            "filter_policy": "",
            "filter_policy_scope": "",
            "id": "arn:aws:sns:us-east-1:767397764981:TransactionNotifications:197082d8-a0e6-41f0-8544-505fb6c416ac",
            "owner_id": "767397764981",
            "pending_confirmation": false,
            "protocol": "lambda",
            "raw_message_delivery": false,
            "redrive_policy": "",
            "replay_policy": "",
            "subscription_role_arn": "",
            "topic_arn": "arn:aws:sns:us-east-1:767397764981:TransactionNotifications"
          },
          "sensitive_attributes": [],
          "private": "bnVsbA==",
          "dependencies": [
            "aws_iam_role.lambda_exec_role",
            "aws_lambda_function.webhook_notifier",
            "aws_sns_topic.transaction_notifications"
          ]
        }
      ]
    },
    {
      "mode": "managed",
      "type": "aws_sns_topic_subscription",
      "name": "sns_to_sqs",
      "provider": "provider[\"registry.terraform.io/hashicorp/aws\"]",
      "instances": [
        {
          "schema_version": 0,
          "attributes": {
            "arn": "arn:aws:sns:us-east-1:767397764981:TransactionNotifications:d13b6c11-8b62-4e20-8e5f-68741928bf07",
            "confirmation_timeout_in_minutes": 1,
            "confirmation_was_authenticated": true,
            "delivery_policy": "",
            "endpoint": "arn:aws:sqs:us-east-1:767397764981:sns-queue",
            "endpoint_auto_confirms": false,
            "filter_policy": "",
            "filter_policy_scope": "",
            "id": "arn:aws:sns:us-east-1:767397764981:TransactionNotifications:d13b6c11-8b62-4e20-8e5f-68741928bf07",
            "owner_id": "767397764981",
            "pending_confirmation": false,
            "protocol": "sqs",
            "raw_message_delivery": false,
            "redrive_policy": "",
            "replay_policy": "",
            "subscription_role_arn": "",
            "topic_arn": "arn:aws:sns:us-east-1:767397764981:TransactionNotifications"
          },
          "sensitive_attributes": [],
          "private": "bnVsbA==",
          "dependencies": [
            "aws_sns_topic.transaction_notifications",
            "aws_sqs_queue.sns_queue"
          ]
        }
      ]
    },
    {
      "mode": "managed",
      "type": "aws_sqs_queue",
      "name": "sns_dlq",
      "provider": "provider[\"registry.terraform.io/hashicorp/aws\"]",
      "instances": [
        {
          "schema_version": 0,
          "attributes": {
            "arn": "arn:aws:sqs:us-east-1:767397764981:sns-dlq",
            "content_based_deduplication": false,
            "deduplication_scope": "",
            "delay_seconds": 0,
            "fifo_queue": false,
            "fifo_throughput_limit": "",
            "id": "https://sqs.us-east-1.amazonaws.com/767397764981/sns-dlq",
            "kms_data_key_reuse_period_seconds": 300,
            "kms_master_key_id": "",
            "max_message_size": 262144,
            "message_retention_seconds": 1209600,
            "name": "sns-dlq",
            "name_prefix": "",
            "policy": "",
            "receive_wait_time_seconds": 0,
            "redrive_allow_policy": "",
            "redrive_policy": "",
            "sqs_managed_sse_enabled": true,
            "tags": {},
            "tags_all": {},
            "url": "https://sqs.us-east-1.amazonaws.com/767397764981/sns-dlq",
            "visibility_timeout_seconds": 30
          },
          "sensitive_attributes": [],
          "private": "bnVsbA=="
        }
      ]
    },
    {
      "mode": "managed",
      "type": "aws_sqs_queue",
      "name": "sns_queue",
      "provider": "provider[\"registry.terraform.io/hashicorp/aws\"]",
      "instances": [
        {
          "schema_version": 0,
          "attributes": {
            "arn": "arn:aws:sqs:us-east-1:767397764981:sns-queue",
            "content_based_deduplication": false,
            "deduplication_scope": "",
            "delay_seconds": 0,
            "fifo_queue": false,
            "fifo_throughput_limit": "",
            "id": "https://sqs.us-east-1.amazonaws.com/767397764981/sns-queue",
            "kms_data_key_reuse_period_seconds": 300,
            "kms_master_key_id": "",
            "max_message_size": 262144,
            "message_retention_seconds": 86400,
            "name": "sns-queue",
            "name_prefix": "",
            "policy": "{\"Statement\":[{\"Action\":\"sqs:SendMessage\",\"Condition\":{\"ArnEquals\":{\"aws:SourceArn\":\"arn:aws:sns:us-east-1:767397764981:TransactionNotifications\"}},\"Effect\":\"Allow\",\"Principal\":\"*\",\"Resource\":\"arn:aws:sqs:us-east-1:767397764981:sns-queue\"}],\"Version\":\"2012-10-17\"}",
            "receive_wait_time_seconds": 0,
            "redrive_allow_policy": "",
            "redrive_policy": "",
            "sqs_managed_sse_enabled": true,
            "tags": {},
            "tags_all": {},
            "url": "https://sqs.us-east-1.amazonaws.com/767397764981/sns-queue",
            "visibility_timeout_seconds": 30
          },
          "sensitive_attributes": [],
          "private": "bnVsbA=="
        }
      ]
    },
    {
      "mode": "managed",
      "type": "aws_sqs_queue_policy",
      "name": "sns_queue_policy",
      "provider": "provider[\"registry.terraform.io/hashicorp/aws\"]",
      "instances": [
        {
          "schema_version": 1,
          "attributes": {
            "id": "https://sqs.us-east-1.amazonaws.com/767397764981/sns-queue",
            "policy": "{\"Statement\":[{\"Action\":\"sqs:SendMessage\",\"Condition\":{\"ArnEquals\":{\"aws:SourceArn\":\"arn:aws:sns:us-east-1:767397764981:TransactionNotifications\"}},\"Effect\":\"Allow\",\"Principal\":\"*\",\"Resource\":\"arn:aws:sqs:us-east-1:767397764981:sns-queue\"}],\"Version\":\"2012-10-17\"}",
            "queue_url": "https://sqs.us-east-1.amazonaws.com/767397764981/sns-queue"
          },
          "sensitive_attributes": [],
          "private": "eyJzY2hlbWFfdmVyc2lvbiI6IjEifQ==",
          "dependencies": [
            "aws_sns_topic.transaction_notifications",
            "aws_sqs_queue.sns_queue"
          ]
        }
      ]
    }
  ],
  "check_results": null
}
