{
  "version": 4,
  "terraform_version": "1.5.7",
  "serial": 26,
  "lineage": "cb934da1-bd19-7676-b7e6-ee1309bc8f5a",
  "outputs": {},
  "resources": [
    {
      "mode": "managed",
      "type": "aws_dynamodb_table",
      "name": "DeletedNilUsers",
      "provider": "provider[\"registry.terraform.io/hashicorp/aws\"]",
      "instances": [
        {
          "schema_version": 1,
          "attributes": {
            "arn": "arn:aws:dynamodb:us-east-1:767397764981:table/DeletedNilUsers",
            "attribute": [
              {
                "name": "AccountID",
                "type": "S"
              },
              {
                "name": "TenantID",
                "type": "S"
              }
            ],
            "billing_mode": "PAY_PER_REQUEST",
            "global_secondary_index": [],
            "hash_key": "TenantID",
            "id": "DeletedNilUsers",
            "local_secondary_index": [],
            "name": "DeletedNilUsers",
            "point_in_time_recovery": [
              {
                "enabled": false
              }
            ],
            "range_key": "AccountID",
            "read_capacity": 0,
            "replica": [],
            "restore_date_time": null,
            "restore_source_name": null,
            "restore_to_latest_time": null,
            "server_side_encryption": [],
            "stream_arn": "",
            "stream_enabled": false,
            "stream_label": "",
            "stream_view_type": "",
            "table_class": "",
            "tags": {},
            "tags_all": {},
            "timeouts": null,
            "ttl": [
              {
                "attribute_name": "",
                "enabled": false
              }
            ],
            "write_capacity": 0
          },
          "sensitive_attributes": [],
          "private": "eyJlMmJmYjczMC1lY2FhLTExZTYtOGY4OC0zNDM2M2JjN2M0YzAiOnsiY3JlYXRlIjoxODAwMDAwMDAwMDAwLCJkZWxldGUiOjYwMDAwMDAwMDAwMCwidXBkYXRlIjozNjAwMDAwMDAwMDAwfSwic2NoZW1hX3ZlcnNpb24iOiIxIn0="
        }
      ]
    },
    {
      "mode": "managed",
      "type": "aws_dynamodb_table",
      "name": "NilUsersTable",
      "provider": "provider[\"registry.terraform.io/hashicorp/aws\"]",
      "instances": [
        {
          "schema_version": 1,
          "attributes": {
            "arn": "arn:aws:dynamodb:us-east-1:767397764981:table/NilUsers",
            "attribute": [
              {
                "name": "AccountID",
                "type": "S"
              },
              {
                "name": "Email",
                "type": "S"
              },
              {
                "name": "TenantID",
                "type": "S"
              }
            ],
            "billing_mode": "PROVISIONED",
            "global_secondary_index": [
              {
                "hash_key": "AccountID",
                "name": "UsernameIndex",
                "non_key_attributes": [],
                "projection_type": "ALL",
                "range_key": "TenantID",
                "read_capacity": 7,
                "write_capacity": 7
              },
              {
                "hash_key": "Email",
                "name": "EmailIndex",
                "non_key_attributes": [],
                "projection_type": "ALL",
                "range_key": "TenantID",
                "read_capacity": 7,
                "write_capacity": 7
              }
            ],
            "hash_key": "TenantID",
            "id": "NilUsers",
            "local_secondary_index": [],
            "name": "NilUsers",
            "point_in_time_recovery": [
              {
                "enabled": false
              }
            ],
            "range_key": "AccountID",
            "read_capacity": 7,
            "replica": [],
            "restore_date_time": null,
            "restore_source_name": null,
            "restore_to_latest_time": null,
            "server_side_encryption": [],
            "stream_arn": "arn:aws:dynamodb:us-east-1:767397764981:table/NilUsers/stream/2024-06-07T19:02:34.085",
            "stream_enabled": true,
            "stream_label": "2024-06-07T19:02:34.085",
            "stream_view_type": "NEW_AND_OLD_IMAGES",
            "table_class": "",
            "tags": {},
            "tags_all": {},
            "timeouts": null,
            "ttl": [
              {
                "attribute_name": "",
                "enabled": false
              }
            ],
            "write_capacity": 7
          },
          "sensitive_attributes": [],
          "private": "eyJlMmJmYjczMC1lY2FhLTExZTYtOGY4OC0zNDM2M2JjN2M0YzAiOnsiY3JlYXRlIjoxODAwMDAwMDAwMDAwLCJkZWxldGUiOjYwMDAwMDAwMDAwMCwidXBkYXRlIjozNjAwMDAwMDAwMDAwfSwic2NoZW1hX3ZlcnNpb24iOiIxIn0="
        }
      ]
    },
    {
      "mode": "managed",
      "type": "aws_dynamodb_table",
      "name": "UserBalanceTable",
      "provider": "provider[\"registry.terraform.io/hashicorp/aws\"]",
      "instances": [
        {
          "schema_version": 1,
          "attributes": {
            "arn": "arn:aws:dynamodb:us-east-1:767397764981:table/UserBalanceTable",
            "attribute": [
              {
                "name": "AccountID",
                "type": "S"
              },
              {
                "name": "TenantID",
                "type": "S"
              }
            ],
            "billing_mode": "PROVISIONED",
            "global_secondary_index": [
              {
                "hash_key": "AccountID",
                "name": "UserIndex",
                "non_key_attributes": [],
                "projection_type": "ALL",
                "range_key": "TenantID",
                "read_capacity": 7,
                "write_capacity": 7
              }
            ],
            "hash_key": "TenantID",
            "id": "UserBalanceTable",
            "local_secondary_index": [],
            "name": "UserBalanceTable",
            "point_in_time_recovery": [
              {
                "enabled": false
              }
            ],
            "range_key": "AccountID",
            "read_capacity": 7,
            "replica": [],
            "restore_date_time": null,
            "restore_source_name": null,
            "restore_to_latest_time": null,
            "server_side_encryption": [],
            "stream_arn": "",
            "stream_enabled": false,
            "stream_label": "",
            "stream_view_type": "",
            "table_class": "",
            "tags": {},
            "tags_all": {},
            "timeouts": {
              "create": null,
              "delete": null,
              "update": null
            },
            "ttl": [
              {
                "attribute_name": "",
                "enabled": false
              }
            ],
            "write_capacity": 7
          },
          "sensitive_attributes": [],
          "private": "eyJlMmJmYjczMC1lY2FhLTExZTYtOGY4OC0zNDM2M2JjN2M0YzAiOnsiY3JlYXRlIjoxODAwMDAwMDAwMDAwLCJkZWxldGUiOjYwMDAwMDAwMDAwMCwidXBkYXRlIjozNjAwMDAwMDAwMDAwfSwic2NoZW1hX3ZlcnNpb24iOiIxIn0="
        }
      ]
    },
    {
      "mode": "managed",
      "type": "aws_dynamodb_table",
      "name": "ledger_table",
      "provider": "provider[\"registry.terraform.io/hashicorp/aws\"]",
      "instances": [
        {
          "schema_version": 1,
          "attributes": {
            "arn": "arn:aws:dynamodb:us-east-1:767397764981:table/LedgerTable",
            "attribute": [
              {
                "name": "TenantID",
                "type": "S"
              },
              {
                "name": "TransactionID",
                "type": "S"
              },
              {
                "name": "UUID",
                "type": "S"
              }
            ],
            "billing_mode": "PROVISIONED",
            "global_secondary_index": [
              {
                "hash_key": "TenantID",
                "name": "TransactionIndex",
                "non_key_attributes": [],
                "projection_type": "ALL",
                "range_key": "TransactionID",
                "read_capacity": 7,
                "write_capacity": 7
              },
              {
                "hash_key": "TenantID",
                "name": "UserUUIDIndex",
                "non_key_attributes": [],
                "projection_type": "ALL",
                "range_key": "UUID",
                "read_capacity": 7,
                "write_capacity": 7
              }
            ],
            "hash_key": "TenantID",
            "id": "LedgerTable",
            "local_secondary_index": [],
            "name": "LedgerTable",
            "point_in_time_recovery": [
              {
                "enabled": false
              }
            ],
            "range_key": "TransactionID",
            "read_capacity": 7,
            "replica": [],
            "restore_date_time": null,
            "restore_source_name": null,
            "restore_to_latest_time": null,
            "server_side_encryption": [],
            "stream_arn": "",
            "stream_enabled": false,
            "stream_label": "",
            "stream_view_type": "",
            "table_class": "",
            "tags": {},
            "tags_all": {},
            "timeouts": null,
            "ttl": [
              {
                "attribute_name": "",
                "enabled": false
              }
            ],
            "write_capacity": 7
          },
          "sensitive_attributes": [],
          "private": "eyJlMmJmYjczMC1lY2FhLTExZTYtOGY4OC0zNDM2M2JjN2M0YzAiOnsiY3JlYXRlIjoxODAwMDAwMDAwMDAwLCJkZWxldGUiOjYwMDAwMDAwMDAwMCwidXBkYXRlIjozNjAwMDAwMDAwMDAwfSwic2NoZW1hX3ZlcnNpb24iOiIxIn0="
        }
      ]
    },
    {
      "mode": "managed",
      "type": "aws_dynamodb_table",
      "name": "transactions",
      "provider": "provider[\"registry.terraform.io/hashicorp/aws\"]",
      "instances": [
        {
          "schema_version": 1,
          "attributes": {
            "arn": "arn:aws:dynamodb:us-east-1:767397764981:table/TransactionsTable",
            "attribute": [
              {
                "name": "FromAccount",
                "type": "S"
              },
              {
                "name": "TenantID",
                "type": "S"
              },
              {
                "name": "ToAccount",
                "type": "S"
              },
              {
                "name": "TransactionDate",
                "type": "N"
              },
              {
                "name": "TransactionID",
                "type": "S"
              },
              {
                "name": "UUID",
                "type": "S"
              }
            ],
            "billing_mode": "PROVISIONED",
            "global_secondary_index": [
              {
                "hash_key": "TenantID",
                "name": "FromAccountIndex",
                "non_key_attributes": [],
                "projection_type": "ALL",
                "range_key": "FromAccount",
                "read_capacity": 7,
                "write_capacity": 7
              },
              {
                "hash_key": "TenantID",
                "name": "ToAccountIndex",
                "non_key_attributes": [],
                "projection_type": "ALL",
                "range_key": "ToAccount",
                "read_capacity": 7,
                "write_capacity": 7
              },
              {
                "hash_key": "TenantID",
                "name": "TransactionDateIndex",
                "non_key_attributes": [],
                "projection_type": "ALL",
                "range_key": "TransactionDate",
                "read_capacity": 7,
                "write_capacity": 7
              },
              {
                "hash_key": "TenantID",
                "name": "UserUUIDIndex",
                "non_key_attributes": [],
                "projection_type": "ALL",
                "range_key": "UUID",
                "read_capacity": 7,
                "write_capacity": 7
              }
            ],
            "hash_key": "TenantID",
            "id": "TransactionsTable",
            "local_secondary_index": [],
            "name": "TransactionsTable",
            "point_in_time_recovery": [
              {
                "enabled": false
              }
            ],
            "range_key": "TransactionID",
            "read_capacity": 7,
            "replica": [],
            "restore_date_time": null,
            "restore_source_name": null,
            "restore_to_latest_time": null,
            "server_side_encryption": [],
            "stream_arn": "",
            "stream_enabled": false,
            "stream_label": "",
            "stream_view_type": "",
            "table_class": "",
            "tags": {},
            "tags_all": {},
            "timeouts": null,
            "ttl": [
              {
                "attribute_name": "",
                "enabled": false
              }
            ],
            "write_capacity": 7
          },
          "sensitive_attributes": [],
          "private": "eyJlMmJmYjczMC1lY2FhLTExZTYtOGY4OC0zNDM2M2JjN2M0YzAiOnsiY3JlYXRlIjoxODAwMDAwMDAwMDAwLCJkZWxldGUiOjYwMDAwMDAwMDAwMCwidXBkYXRlIjozNjAwMDAwMDAwMDAwfSwic2NoZW1hX3ZlcnNpb24iOiIxIn0="
        }
      ]
    },
    {
      "mode": "managed",
      "type": "aws_iam_policy",
      "name": "lambda_dynamodb_policy",
      "provider": "provider[\"registry.terraform.io/hashicorp/aws\"]",
      "instances": [
        {
          "schema_version": 0,
          "attributes": {
            "arn": "arn:aws:iam::767397764981:policy/lambda_dynamodb_policy",
            "description": "Policy for Lambda to access DynamoDB",
            "id": "arn:aws:iam::767397764981:policy/lambda_dynamodb_policy",
            "name": "lambda_dynamodb_policy",
            "name_prefix": null,
            "path": "/",
            "policy": "{\"Statement\":[{\"Action\":[\"dynamodb:GetItem\",\"dynamodb:PutItem\",\"dynamodb:DeleteItem\"],\"Effect\":\"Allow\",\"Resource\":[\"arn:aws:dynamodb:us-east-1:767397764981:table/NilUsers\",\"arn:aws:dynamodb:us-east-1:767397764981:table/DeletedNilUsers\"]}],\"Version\":\"2012-10-17\"}",
            "policy_id": "ANPA3FLDYT523EIUG72FX",
            "tags": {},
            "tags_all": {}
          },
          "sensitive_attributes": [],
          "private": "bnVsbA==",
          "dependencies": [
            "aws_dynamodb_table.DeletedNilUsers",
            "aws_dynamodb_table.NilUsersTable"
          ]
        }
      ]
    },
    {
      "mode": "managed",
      "type": "aws_iam_role",
      "name": "lambda_dynamodb_role",
      "provider": "provider[\"registry.terraform.io/hashicorp/aws\"]",
      "instances": [
        {
          "schema_version": 0,
          "attributes": {
            "arn": "arn:aws:iam::767397764981:role/lambda_dynamodb_role",
            "assume_role_policy": "{\"Version\":\"2012-10-17\",\"Statement\":[{\"Effect\":\"Allow\",\"Principal\":{\"Service\":\"lambda.amazonaws.com\"},\"Action\":\"sts:AssumeRole\"}]}",
            "create_date": "2024-06-07T19:02:34Z",
            "description": "",
            "force_detach_policies": false,
            "id": "lambda_dynamodb_role",
            "inline_policy": [
              {
                "name": "",
                "policy": ""
              }
            ],
            "managed_policy_arns": [
              "arn:aws:iam::767397764981:policy/lambda_dynamodb_policy"
            ],
            "max_session_duration": 3600,
            "name": "lambda_dynamodb_role",
            "name_prefix": "",
            "path": "/",
            "permissions_boundary": null,
            "tags": {},
            "tags_all": {},
            "unique_id": "AROA3FLDYT527IOEXQQOI"
          },
          "sensitive_attributes": [],
          "private": "bnVsbA=="
        }
      ]
    },
    {
      "mode": "managed",
      "type": "aws_iam_role_policy_attachment",
      "name": "lambda_policy_attach",
      "provider": "provider[\"registry.terraform.io/hashicorp/aws\"]",
      "instances": [
        {
          "schema_version": 0,
          "attributes": {
            "id": "lambda_dynamodb_role-20240607190247964800000001",
            "policy_arn": "arn:aws:iam::767397764981:policy/lambda_dynamodb_policy",
            "role": "lambda_dynamodb_role"
          },
          "sensitive_attributes": [],
          "private": "bnVsbA==",
          "dependencies": [
            "aws_dynamodb_table.DeletedNilUsers",
            "aws_dynamodb_table.NilUsersTable",
            "aws_iam_policy.lambda_dynamodb_policy",
            "aws_iam_role.lambda_dynamodb_role"
          ]
        }
      ]
    },
    {
      "mode": "managed",
      "type": "aws_lambda_function",
      "name": "dynamodb_stream_processor",
      "provider": "provider[\"registry.terraform.io/hashicorp/aws\"]",
      "instances": [
        {
          "schema_version": 0,
          "attributes": {
            "architectures": [
              "x86_64"
            ],
            "arn": "arn:aws:lambda:us-east-1:767397764981:function:dynamodb_stream_processor",
            "code_signing_config_arn": "",
            "dead_letter_config": [],
            "description": "",
            "environment": [
              {
                "variables": {
                  "DESTINATION_TABLE": "DeletedNilUsers"
                }
              }
            ],
            "file_system_config": [],
            "filename": "function.zip",
            "function_name": "dynamodb_stream_processor",
            "handler": "index.handler",
            "id": "dynamodb_stream_processor",
            "image_config": [],
            "image_uri": "",
            "invoke_arn": "arn:aws:apigateway:us-east-1:lambda:path/2015-03-31/functions/arn:aws:lambda:us-east-1:767397764981:function:dynamodb_stream_processor/invocations",
            "kms_key_arn": "",
            "last_modified": "2024-06-07T19:06:30.366+0000",
            "layers": null,
            "memory_size": 128,
            "package_type": "Zip",
            "publish": false,
            "qualified_arn": "arn:aws:lambda:us-east-1:767397764981:function:dynamodb_stream_processor:$LATEST",
            "reserved_concurrent_executions": -1,
            "role": "arn:aws:iam::767397764981:role/lambda_dynamodb_role",
            "runtime": "nodejs18.x",
            "s3_bucket": null,
            "s3_key": null,
            "s3_object_version": null,
            "signing_job_arn": "",
            "signing_profile_version_arn": "",
            "source_code_hash": "ul8MyGMblhAqmW9ul1Ay56xIZD/8V91fy13NInh/iYM=",
            "source_code_size": 607,
            "tags": null,
            "tags_all": {},
            "timeout": 3,
            "timeouts": null,
            "tracing_config": [
              {
                "mode": "PassThrough"
              }
            ],
            "version": "$LATEST",
            "vpc_config": []
          },
          "sensitive_attributes": [],
          "private": "eyJlMmJmYjczMC1lY2FhLTExZTYtOGY4OC0zNDM2M2JjN2M0YzAiOnsiY3JlYXRlIjo2MDAwMDAwMDAwMDB9fQ==",
          "dependencies": [
            "aws_dynamodb_table.DeletedNilUsers",
            "aws_iam_role.lambda_dynamodb_role"
          ]
        }
      ]
    },
    {
      "mode": "managed",
      "type": "aws_ses_domain_identity",
      "name": "example",
      "provider": "provider[\"registry.terraform.io/hashicorp/aws\"]",
      "instances": [
        {
          "schema_version": 0,
          "attributes": {
            "arn": "arn:aws:ses:us-east-1:767397764981:identity/pynil.com",
            "domain": "pynil.com",
            "id": "pynil.com",
            "verification_token": "hjtne49wVcU/kF/FLjhZbI1jULOfgwMXkg1Cb7ytWNo="
          },
          "sensitive_attributes": [],
          "private": "bnVsbA=="
        }
      ]
    }
  ],
  "check_results": null
}
